# 判据用的 Python 依赖。CI 的 `external` job 照这份装。
#
#     pip install --only-binary=:all: -r harness/requirements.lock
#
# # 为什么是 2025.09.2
#
# **仓库只认这一个 RDKit 版本。** `harness/baseline/` 下的界矩阵/构象基准就是
# 它导的(`harness/dump_bounds.py` 开头写着"本仓用的是 2025.09.2"),CI 里
# `smooth_oracle` / `bounds_oracle` / `eigen_oracle` 三道闸全都坐在那批数上。
#
# 头一版这里钉的是 2022.9.5(只因为开发机的 `.venv` 恰好是那个版本)。那等于在
# 仓库里立**第二个**版本约定:下一个人照着 CI 建环境、再重导 `rdkit_bounds.jsonl`,
# 会在全绿的情况下把那三道闸的参照悄悄换掉 —— 实测两版的界能差 0.35 Å。
# `harness/embed_ablation.py` 开头正记着同一个坑:"靶子立在三年前"。
#
# # numpy 必须一起钉
#
# 只钉 RDKit 是不够的。实测:`pip install --only-binary=:all: rdkit==2022.9.5`
# 让 pip 自己解 numpy,解出 2.0.2,而那个 RDKit 是拿 numpy 1.x 编的,一 import
# 就是 `AttributeError: _ARRAY_API not found`,`harness/dump_bounds.py` 直接
# SIGSEGV(退 139)。2025.09.2 配 numpy 2.x 是对的,但**对不对不该靠运气** ——
# 钉住才有"本地绿和 CI 绿是同一件事"这句话。
#
# # 升级怎么升
#
# 三行一起改,然后把 `harness/gates.sh` 最后那两条判据各跑一遍。**别只升 RDKit**
# —— 上面那个 numpy 的坑就是这么来的。若升级会动到 `harness/baseline/`,
# 那批基准要用新版重导一遍,并且在同一次提交里说明。
#
# # 为什么还有第二个工具包(Indigo)

# **RDKit 完全不支持丙二烯型轴手性。** 逐条实测 2025.09.2:SMILES 读写、
# `FindPotentialStereo`、`rdCIPLabeler`、从 3D 坐标反推、molblock 往返、
# 带手性的子结构匹配 —— 六条路都把 `@AL1` 与 `@AL2` 当成同一个东西,连
# `F/C=C=C=C/F` 的方向键也丢。这一档它当不了裁判,而"没有外部裁判就自己
# 跟自己比"正是仓库一直在防的那种假绿。
#
# Indigo 认这个区别,而且自洽(`@AL1` ≡ `@`、从另一端起笔序号不变、
# 读→写链上每一步都还是同一个分子)。它只服务 `harness/check_allene.py`
# 这一条判据,不参与任何基准的导出。
#
# 它同样要钉版本:那条判据的一侧是**本实现**,版本一换就没得对消 ——
# 与 `check_smarts_chirality.py` 是同一个道理。
#
# # maturin 也钉
#
# 有四条判官是**经 wheel** 看 Rust 侧行为的(`check_smarts_chirality.py` 等)。
# 建 wheel 的工具版本会影响建出来的东西,而这几条判据的结论就挂在上面 ——
# 与 RDKit 同理,钉住才有"本地绿和 CI 绿是同一件事"。
rdkit==2025.9.2
numpy==2.0.2
pillow==11.3.0
maturin==1.14.1
epam.indigo==1.46.0
